{
  "nodes": {
    "anthropic": {
      "flake": false,
      "locked": {
        "lastModified": 1776366777,
        "narHash": "sha256-BMgH43diojdUrGC6ivk87eEm2W1yWNuh2fpR9JpbUnE=",
        "owner": "anthropics",
        "repo": "skills",
        "rev": "2c7ec5e78b8e5d43ea02e90bb8826f6b9f147b0c",
        "type": "github"
      },
      "original": {
        "owner": "anthropics",
        "repo": "skills",
        "type": "github"
      }
    },
    "root": {
      "inputs": {
        "anthropic": "anthropic"
      }
    }
  },
  "root": "root",
  "version": 7
}
